
Microsoft Visual Studio Solution File, Format Version 12.00
# Visual Studio Version 17
VisualStudioVersion = 17.2.32505.173
MinimumVisualStudioVersion = 10.0.40219.1
Project("{9A19103F-16F7-4668-BE54-9A1E7A4F7556}") = "Origins", "Origins.csproj", "{8298EAB6-0586-4BDA-9483-83624B66B13A}"
EndProject
Project("{2150E333-8FDC-42A3-9474-1A3956D46DE8}") = "Solution Items", "Solution Items", "{5990497E-5FA2-4102-B9D1-9A9EBE8DF5FA}"
	ProjectSection(SolutionItems) = preProject
		.editorconfig = .editorconfig
	EndProjectSection
EndProject
Global
	GlobalSection(SolutionConfigurationPlatforms) = preSolution
		Debug|Any CPU = Debug|Any CPU
		Jus|Any CPU = Jus|Any CPU
		Release|Any CPU = Release|Any CPU
	EndGlobalSection
	GlobalSection(ProjectConfigurationPlatforms) = postSolution
		{8298EAB6-0586-4BDA-9483-83624B66B13A}.Debug|Any CPU.ActiveCfg = Debug|Any CPU
		{8298EAB6-0586-4BDA-9483-83624B66B13A}.Debug|Any CPU.Build.0 = Debug|Any CPU
		{8298EAB6-0586-4BDA-9483-83624B66B13A}.Jus|Any CPU.ActiveCfg = Debug|Any CPU
		{8298EAB6-0586-4BDA-9483-83624B66B13A}.Jus|Any CPU.Build.0 = Debug|Any CPU
		{8298EAB6-0586-4BDA-9483-83624B66B13A}.Release|Any CPU.ActiveCfg = Release|Any CPU
		{8298EAB6-0586-4BDA-9483-83624B66B13A}.Release|Any CPU.Build.0 = Release|Any CPU
	EndGlobalSection
	GlobalSection(SolutionProperties) = preSolution
		HideSolutionNode = FALSE
	EndGlobalSection
	GlobalSection(ExtensibilityGlobals) = postSolution
		SolutionGuid = {20CBDB0D-0C87-424B-ABCE-EE5B636A1042}
	EndGlobalSection
EndGlobal
